// !$*UTF8*$!
{
	archiveVersion = 1;
	classes = {
	};
	objectVersion = 50;
	objects = {

/* Begin PBXBuildFile section */
		9494F2AC26799D3000B9E7F7 /* AppDelegate.swift in Sources */ = {isa = PBXBuildFile; fileRef = 9494F2AB26799D3000B9E7F7 /* AppDelegate.swift */; };
		9494F2AE26799D3000B9E7F7 /* SceneDelegate.swift in Sources */ = {isa = PBXBuildFile; fileRef = 9494F2AD26799D3000B9E7F7 /* SceneDelegate.swift */; };
		9494F2B326799D3000B9E7F7 /* Main.storyboard in Resources */ = {isa = PBXBuildFile; fileRef = 9494F2B126799D3000B9E7F7 /* Main.storyboard */; };
		9494F2B626799D3000B9E7F7 /* RelationCoreData.xcdatamodeld in Sources */ = {isa = PBXBuildFile; fileRef = 9494F2B426799D3000B9E7F7 /* RelationCoreData.xcdatamodeld */; };
		9494F2B826799D3000B9E7F7 /* Assets.xcassets in Resources */ = {isa = PBXBuildFile; fileRef = 9494F2B726799D3000B9E7F7 /* Assets.xcassets */; };
		9494F2BB26799D3000B9E7F7 /* LaunchScreen.storyboard in Resources */ = {isa = PBXBuildFile; fileRef = 9494F2B926799D3000B9E7F7 /* LaunchScreen.storyboard */; };
		9494F2C426799E7400B9E7F7 /* BookViewController.swift in Sources */ = {isa = PBXBuildFile; fileRef = 9494F2C326799E7400B9E7F7 /* BookViewController.swift */; };
		9494F2C626799E8B00B9E7F7 /* AuthorViewController.swift in Sources */ = {isa = PBXBuildFile; fileRef = 9494F2C526799E8B00B9E7F7 /* AuthorViewController.swift */; };
		9494F2C926799F8300B9E7F7 /* PersistanceManager.swift in Sources */ = {isa = PBXBuildFile; fileRef = 9494F2C826799F8300B9E7F7 /* PersistanceManager.swift */; };
		9494F2D62679A30F00B9E7F7 /* AuthorTableViewCell.swift in Sources */ = {isa = PBXBuildFile; fileRef = 9494F2D42679A30F00B9E7F7 /* AuthorTableViewCell.swift */; };
		9494F2D72679A30F00B9E7F7 /* AuthorTableViewCell.xib in Resources */ = {isa = PBXBuildFile; fileRef = 9494F2D52679A30F00B9E7F7 /* AuthorTableViewCell.xib */; };
		9494F2DC2679A3CA00B9E7F7 /* BookTableViewCell.swift in Sources */ = {isa = PBXBuildFile; fileRef = 9494F2DA2679A3CA00B9E7F7 /* BookTableViewCell.swift */; };
		9494F2DD2679A3CA00B9E7F7 /* BookTableViewCell.xib in Resources */ = {isa = PBXBuildFile; fileRef = 9494F2DB2679A3CA00B9E7F7 /* BookTableViewCell.xib */; };
/* End PBXBuildFile section */

/* Begin PBXFileReference section */
		9494F2A826799D3000B9E7F7 /* RelationCoreData.app */ = {isa = PBXFileReference; explicitFileType = wrapper.application; includeInIndex = 0; path = RelationCoreData.app; sourceTree = BUILT_PRODUCTS_DIR; };
		9494F2AB26799D3000B9E7F7 /* AppDelegate.swift */ = {isa = PBXFileReference; lastKnownFileType = sourcecode.swift; path = AppDelegate.swift; sourceTree = "<group>"; };
		9494F2AD26799D3000B9E7F7 /* SceneDelegate.swift */ = {isa = PBXFileReference; lastKnownFileType = sourcecode.swift; path = SceneDelegate.swift; sourceTree = "<group>"; };
		9494F2B226799D3000B9E7F7 /* Base */ = {isa = PBXFileReference; lastKnownFileType = file.storyboard; name = Base; path = Base.lproj/Main.storyboard; sourceTree = "<group>"; };
		9494F2B526799D3000B9E7F7 /* RelationCoreData.xcdatamodel */ = {isa = PBXFileReference; lastKnownFileType = wrapper.xcdatamodel; path = RelationCoreData.xcdatamodel; sourceTree = "<group>"; };
		9494F2B726799D3000B9E7F7 /* Assets.xcassets */ = {isa = PBXFileReference; lastKnownFileType = folder.assetcatalog; path = Assets.xcassets; sourceTree = "<group>"; };
		9494F2BA26799D3000B9E7F7 /* Base */ = {isa = PBXFileReference; lastKnownFileType = file.storyboard; name = Base; path = Base.lproj/LaunchScreen.storyboard; sourceTree = "<group>"; };
		9494F2BC26799D3000B9E7F7 /* Info.plist */ = {isa = PBXFileReference; lastKnownFileType = text.plist.xml; path = Info.plist; sourceTree = "<group>"; };
		9494F2C326799E7400B9E7F7 /* BookViewController.swift */ = {isa = PBXFileReference; lastKnownFileType = sourcecode.swift; path = BookViewController.swift; sourceTree = "<group>"; };
		9494F2C526799E8B00B9E7F7 /* AuthorViewController.swift */ = {isa = PBXFileReference; lastKnownFileType = sourcecode.swift; path = AuthorViewController.swift; sourceTree = "<group>"; };
		9494F2C826799F8300B9E7F7 /* PersistanceManager.swift */ = {isa = PBXFileReference; lastKnownFileType = sourcecode.swift; path = PersistanceManager.swift; sourceTree = "<group>"; };
		9494F2D42679A30F00B9E7F7 /* AuthorTableViewCell.swift */ = {isa = PBXFileReference; lastKnownFileType = sourcecode.swift; path = AuthorTableViewCell.swift; sourceTree = "<group>"; };
		9494F2D52679A30F00B9E7F7 /* AuthorTableViewCell.xib */ = {isa = PBXFileReference; lastKnownFileType = file.xib; path = AuthorTableViewCell.xib; sourceTree = "<group>"; };
		9494F2DA2679A3CA00B9E7F7 /* BookTableViewCell.swift */ = {isa = PBXFileReference; lastKnownFileType = sourcecode.swift; path = BookTableViewCell.swift; sourceTree = "<group>"; };
		9494F2DB2679A3CA00B9E7F7 /* BookTableViewCell.xib */ = {isa = PBXFileReference; lastKnownFileType = file.xib; path = BookTableViewCell.xib; sourceTree = "<group>"; };
/* End PBXFileReference section */

/* Begin PBXFrameworksBuildPhase section */
		9494F2A526799D3000B9E7F7 /* Frameworks */ = {
			isa = PBXFrameworksBuildPhase;
			buildActionMask = 2147483647;
			files = (
			);
			runOnlyForDeploymentPostprocessing = 0;
		};
/* End PBXFrameworksBuildPhase section */

/* Begin PBXGroup section */
		9494F29F26799D3000B9E7F7 = {
			isa = PBXGroup;
			children = (
				9494F2AA26799D3000B9E7F7 /* RelationCoreData */,
				9494F2A926799D3000B9E7F7 /* Products */,
			);
			sourceTree = "<group>";
		};
		9494F2A926799D3000B9E7F7 /* Products */ = {
			isa = PBXGroup;
			children = (
				9494F2A826799D3000B9E7F7 /* RelationCoreData.app */,
			);
			name = Products;
			sourceTree = "<group>";
		};
		9494F2AA26799D3000B9E7F7 /* RelationCoreData */ = {
			isa = PBXGroup;
			children = (
				9494F2D32679A2F600B9E7F7 /* Cell */,
				9494F2C726799F6900B9E7F7 /* Persistance */,
				9494F2C226799E4B00B9E7F7 /* Screens */,
				9494F2AB26799D3000B9E7F7 /* AppDelegate.swift */,
				9494F2AD26799D3000B9E7F7 /* SceneDelegate.swift */,
				9494F2B126799D3000B9E7F7 /* Main.storyboard */,
				9494F2B726799D3000B9E7F7 /* Assets.xcassets */,
				9494F2B926799D3000B9E7F7 /* LaunchScreen.storyboard */,
				9494F2BC26799D3000B9E7F7 /* Info.plist */,
				9494F2B426799D3000B9E7F7 /* RelationCoreData.xcdatamodeld */,
			);
			path = RelationCoreData;
			sourceTree = "<group>";
		};
		9494F2C226799E4B00B9E7F7 /* Screens */ = {
			isa = PBXGroup;
			children = (
				9494F2C326799E7400B9E7F7 /* BookViewController.swift */,
				9494F2C526799E8B00B9E7F7 /* AuthorViewController.swift */,
			);
			path = Screens;
			sourceTree = "<group>";
		};
		9494F2C726799F6900B9E7F7 /* Persistance */ = {
			isa = PBXGroup;
			children = (
				9494F2C826799F8300B9E7F7 /* PersistanceManager.swift */,
			);
			path = Persistance;
			sourceTree = "<group>";
		};
		9494F2D32679A2F600B9E7F7 /* Cell */ = {
			isa = PBXGroup;
			children = (
				9494F2D42679A30F00B9E7F7 /* AuthorTableViewCell.swift */,
				9494F2D52679A30F00B9E7F7 /* AuthorTableViewCell.xib */,
				9494F2DA2679A3CA00B9E7F7 /* BookTableViewCell.swift */,
				9494F2DB2679A3CA00B9E7F7 /* BookTableViewCell.xib */,
			);
			path = Cell;
			sourceTree = "<group>";
		};
/* End PBXGroup section */

/* Begin PBXNativeTarget section */
		9494F2A726799D3000B9E7F7 /* RelationCoreData */ = {
			isa = PBXNativeTarget;
			buildConfigurationList = 9494F2BF26799D3000B9E7F7 /* Build configuration list for PBXNativeTarget "RelationCoreData" */;
			buildPhases = (
				9494F2A426799D3000B9E7F7 /* Sources */,
				9494F2A526799D3000B9E7F7 /* Frameworks */,
				9494F2A626799D3000B9E7F7 /* Resources */,
			);
			buildRules = (
			);
			dependencies = (
			);
			name = RelationCoreData;
			productName = RelationCoreData;
			productReference = 9494F2A826799D3000B9E7F7 /* RelationCoreData.app */;
			productType = "com.apple.product-type.application";
		};
/* End PBXNativeTarget section */

/* Begin PBXProject section */
		9494F2A026799D3000B9E7F7 /* Project object */ = {
			isa = PBXProject;
			attributes = {
				LastSwiftUpdateCheck = 1250;
				LastUpgradeCheck = 1250;
				TargetAttributes = {
					9494F2A726799D3000B9E7F7 = {
						CreatedOnToolsVersion = 12.5;
					};
				};
			};
			buildConfigurationList = 9494F2A326799D3000B9E7F7 /* Build configuration list for PBXProject "RelationCoreData" */;
			compatibilityVersion = "Xcode 9.3";
			developmentRegion = en;
			hasScannedForEncodings = 0;
			knownRegions = (
				en,
				Base,
			);
			mainGroup = 9494F29F26799D3000B9E7F7;
			productRefGroup = 9494F2A926799D3000B9E7F7 /* Products */;
			projectDirPath = "";
			projectRoot = "";
			targets = (
				9494F2A726799D3000B9E7F7 /* RelationCoreData */,
			);
		};
/* End PBXProject section */

/* Begin PBXResourcesBuildPhase section */
		9494F2A626799D3000B9E7F7 /* Resources */ = {
			isa = PBXResourcesBuildPhase;
			buildActionMask = 2147483647;
			files = (
				9494F2BB26799D3000B9E7F7 /* LaunchScreen.storyboard in Resources */,
				9494F2B826799D3000B9E7F7 /* Assets.xcassets in Resources */,
				9494F2D72679A30F00B9E7F7 /* AuthorTableViewCell.xib in Resources */,
				9494F2B326799D3000B9E7F7 /* Main.storyboard in Resources */,
				9494F2DD2679A3CA00B9E7F7 /* BookTableViewCell.xib in Resources */,
			);
			runOnlyForDeploymentPostprocessing = 0;
		};
/* End PBXResourcesBuildPhase section */

/* Begin PBXSourcesBuildPhase section */
		9494F2A426799D3000B9E7F7 /* Sources */ = {
			isa = PBXSourcesBuildPhase;
			buildActionMask = 2147483647;
			files = (
				9494F2DC2679A3CA00B9E7F7 /* BookTableViewCell.swift in Sources */,
				9494F2AC26799D3000B9E7F7 /* AppDelegate.swift in Sources */,
				9494F2C626799E8B00B9E7F7 /* AuthorViewController.swift in Sources */,
				9494F2C426799E7400B9E7F7 /* BookViewController.swift in Sources */,
				9494F2C926799F8300B9E7F7 /* PersistanceManager.swift in Sources */,
				9494F2D62679A30F00B9E7F7 /* AuthorTableViewCell.swift in Sources */,
				9494F2B626799D3000B9E7F7 /* RelationCoreData.xcdatamodeld in Sources */,
				9494F2AE26799D3000B9E7F7 /* SceneDelegate.swift in Sources */,
			);
			runOnlyForDeploymentPostprocessing = 0;
		};
/* End PBXSourcesBuildPhase section */

/* Begin PBXVariantGroup section */
		9494F2B126799D3000B9E7F7 /* Main.storyboard */ = {
			isa = PBXVariantGroup;
			children = (
				9494F2B226799D3000B9E7F7 /* Base */,
			);
			name = Main.storyboard;
			sourceTree = "<group>";
		};
		9494F2B926799D3000B9E7F7 /* LaunchScreen.storyboard */ = {
			isa = PBXVariantGroup;
			children = (
				9494F2BA26799D3000B9E7F7 /* Base */,
			);
			name = LaunchScreen.storyboard;
			sourceTree = "<group>";
		};
/* End PBXVariantGroup section */

/* Begin XCBuildConfiguration section */
		9494F2BD26799D3000B9E7F7 /* Debug */ = {
			isa = XCBuildConfiguration;
			buildSettings = {
				ALWAYS_SEARCH_USER_PATHS = NO;
				CLANG_ANALYZER_NONNULL = YES;
				CLANG_ANALYZER_NUMBER_OBJECT_CONVERSION = YES_AGGRESSIVE;
				CLANG_CXX_LANGUAGE_STANDARD = "gnu++14";
				CLANG_CXX_LIBRARY = "libc++";
				CLANG_ENABLE_MODULES = YES;
				CLANG_ENABLE_OBJC_ARC = YES;
				CLANG_ENABLE_OBJC_WEAK = YES;
				CLANG_WARN_BLOCK_CAPTURE_AUTORELEASING = YES;
				CLANG_WARN_BOOL_CONVERSION = YES;
				CLANG_WARN_COMMA = YES;
				CLANG_WARN_CONSTANT_CONVERSION = YES;
				CLANG_WARN_DEPRECATED_OBJC_IMPLEMENTATIONS = YES;
				CLANG_WARN_DIRECT_OBJC_ISA_USAGE = YES_ERROR;
				CLANG_WARN_DOCUMENTATION_COMMENTS = YES;
				CLANG_WARN_EMPTY_BODY = YES;
				CLANG_WARN_ENUM_CONVERSION = YES;
				CLANG_WARN_INFINITE_RECURSION = YES;
				CLANG_WARN_INT_CONVERSION = YES;
				CLANG_WARN_NON_LITERAL_NULL_CONVERSION = YES;
				CLANG_WARN_OBJC_IMPLICIT_RETAIN_SELF = YES;
				CLANG_WARN_OBJC_LITERAL_CONVERSION = YES;
				CLANG_WARN_OBJC_ROOT_CLASS = YES_ERROR;
				CLANG_WARN_QUOTED_INCLUDE_IN_FRAMEWORK_HEADER = YES;
				CLANG_WARN_RANGE_LOOP_ANALYSIS = YES;
				CLANG_WARN_STRICT_PROTOTYPES = YES;
				CLANG_WARN_SUSPICIOUS_MOVE = YES;
				CLANG_WARN_UNGUARDED_AVAILABILITY = YES_AGGRESSIVE;
				CLANG_WARN_UNREACHABLE_CODE = YES;
				CLANG_WARN__DUPLICATE_METHOD_MATCH = YES;
				COPY_PHASE_STRIP = NO;
				DEBUG_INFORMATION_FORMAT = dwarf;
				ENABLE_STRICT_OBJC_MSGSEND = YES;
				ENABLE_TESTABILITY = YES;
				GCC_C_LANGUAGE_STANDARD = gnu11;
				GCC_DYNAMIC_NO_PIC = NO;
				GCC_NO_COMMON_BLOCKS = YES;
				GCC_OPTIMIZATION_LEVEL = 0;
				GCC_PREPROCESSOR_DEFINITIONS = (
					"DEBUG=1",
					"$(inherited)",
				);
				GCC_WARN_64_TO_32_BIT_CONVERSION = YES;
				GCC_WARN_ABOUT_RETURN_TYPE = YES_ERROR;
				GCC_WARN_UNDECLARED_SELECTOR = YES;
				GCC_WARN_UNINITIALIZED_AUTOS = YES_AGGRESSIVE;
				GCC_WARN_UNUSED_FUNCTION = YES;
				GCC_WARN_UNUSED_VARIABLE = YES;
				IPHONEOS_DEPLOYMENT_TARGET = 14.5;
				MTL_ENABLE_DEBUG_INFO = INCLUDE_SOURCE;
				MTL_FAST_MATH = YES;
				ONLY_ACTIVE_ARCH = YES;
				SDKROOT = iphoneos;
				SWIFT_ACTIVE_COMPILATION_CONDITIONS = DEBUG;
				SWIFT_OPTIMIZATION_LEVEL = "-Onone";
			};
			name = Debug;
		};
		9494F2BE26799D3000B9E7F7 /* Release */ = {
			isa = XCBuildConfiguration;
			buildSettings = {
				ALWAYS_SEARCH_USER_PATHS = NO;
				CLANG_ANALYZER_NONNULL = YES;
				CLANG_ANALYZER_NUMBER_OBJECT_CONVERSION = YES_AGGRESSIVE;
				CLANG_CXX_LANGUAGE_STANDARD = "gnu++14";
				CLANG_CXX_LIBRARY = "libc++";
				CLANG_ENABLE_MODULES = YES;
				CLANG_ENABLE_OBJC_ARC = YES;
				CLANG_ENABLE_OBJC_WEAK = YES;
				CLANG_WARN_BLOCK_CAPTURE_AUTORELEASING = YES;
				CLANG_WARN_BOOL_CONVERSION = YES;
				CLANG_WARN_COMMA = YES;
				CLANG_WARN_CONSTANT_CONVERSION = YES;
				CLANG_WARN_DEPRECATED_OBJC_IMPLEMENTATIONS = YES;
				CLANG_WARN_DIRECT_OBJC_ISA_USAGE = YES_ERROR;
				CLANG_WARN_DOCUMENTATION_COMMENTS = YES;
				CLANG_WARN_EMPTY_BODY = YES;
				CLANG_WARN_ENUM_CONVERSION = YES;
				CLANG_WARN_INFINITE_RECURSION = YES;
				CLANG_WARN_INT_CONVERSION = YES;
				CLANG_WARN_NON_LITERAL_NULL_CONVERSION = YES;
				CLANG_WARN_OBJC_IMPLICIT_RETAIN_SELF = YES;
				CLANG_WARN_OBJC_LITERAL_CONVERSION = YES;
				CLANG_WARN_OBJC_ROOT_CLASS = YES_ERROR;
				CLANG_WARN_QUOTED_INCLUDE_IN_FRAMEWORK_HEADER = YES;
				CLANG_WARN_RANGE_LOOP_ANALYSIS = YES;
				CLANG_WARN_STRICT_PROTOTYPES = YES;
				CLANG_WARN_SUSPICIOUS_MOVE = YES;
				CLANG_WARN_UNGUARDED_AVAILABILITY = YES_AGGRESSIVE;
				CLANG_WARN_UNREACHABLE_CODE = YES;
				CLANG_WARN__DUPLICATE_METHOD_MATCH = YES;
				COPY_PHASE_STRIP = NO;
				DEBUG_INFORMATION_FORMAT = "dwarf-with-dsym";
				ENABLE_NS_ASSERTIONS = NO;
				ENABLE_STRICT_OBJC_MSGSEND = YES;
				GCC_C_LANGUAGE_STANDARD = gnu11;
				GCC_NO_COMMON_BLOCKS = YES;
				GCC_WARN_64_TO_32_BIT_CONVERSION = YES;
				GCC_WARN_ABOUT_RETURN_TYPE = YES_ERROR;
				GCC_WARN_UNDECLARED_SELECTOR = YES;
				GCC_WARN_UNINITIALIZED_AUTOS = YES_AGGRESSIVE;
				GCC_WARN_UNUSED_FUNCTION = YES;
				GCC_WARN_UNUSED_VARIABLE = YES;
				IPHONEOS_DEPLOYMENT_TARGET = 14.5;
				MTL_ENABLE_DEBUG_INFO = NO;
				MTL_FAST_MATH = YES;
				SDKROOT = iphoneos;
				SWIFT_COMPILATION_MODE = wholemodule;
				SWIFT_OPTIMIZATION_LEVEL = "-O";
				VALIDATE_PRODUCT = YES;
			};
			name = Release;
		};
		9494F2C026799D3000B9E7F7 /* Debug */ = {
			isa = XCBuildConfiguration;
			buildSettings = {
				ASSETCATALOG_COMPILER_APPICON_NAME = AppIcon;
				ASSETCATALOG_COMPILER_GLOBAL_ACCENT_COLOR_NAME = AccentColor;
				CODE_SIGN_STYLE = Automatic;
				DEVELOPMENT_TEAM = C45CSLPP7D;
				INFOPLIST_FILE = RelationCoreData/Info.plist;
				LD_RUNPATH_SEARCH_PATHS = (
					"$(inherited)",
					"@executable_path/Frameworks",
				);
				PRODUCT_BUNDLE_IDENTIFIER = id.hellodiffa.RelationCoreData;
				PRODUCT_NAME = "$(TARGET_NAME)";
				SWIFT_VERSION = 5.0;
				TARGETED_DEVICE_FAMILY = "1,2";
			};
			name = Debug;
		};
		9494F2C126799D3000B9E7F7 /* Release */ = {
			isa = XCBuildConfiguration;
			buildSettings = {
				ASSETCATALOG_COMPILER_APPICON_NAME = AppIcon;
				ASSETCATALOG_COMPILER_GLOBAL_ACCENT_COLOR_NAME = AccentColor;
				CODE_SIGN_STYLE = Automatic;
				DEVELOPMENT_TEAM = C45CSLPP7D;
				INFOPLIST_FILE = RelationCoreData/Info.plist;
				LD_RUNPATH_SEARCH_PATHS = (
					"$(inherited)",
					"@executable_path/Frameworks",
				);
				PRODUCT_BUNDLE_IDENTIFIER = id.hellodiffa.RelationCoreData;
				PRODUCT_NAME = "$(TARGET_NAME)";
				SWIFT_VERSION = 5.0;
				TARGETED_DEVICE_FAMILY = "1,2";
			};
			name = Release;
		};
/* End XCBuildConfiguration section */

/* Begin XCConfigurationList section */
		9494F2A326799D3000B9E7F7 /* Build configuration list for PBXProject "RelationCoreData" */ = {
			isa = XCConfigurationList;
			buildConfigurations = (
				9494F2BD26799D3000B9E7F7 /* Debug */,
				9494F2BE26799D3000B9E7F7 /* Release */,
			);
			defaultConfigurationIsVisible = 0;
			defaultConfigurationName = Release;
		};
		9494F2BF26799D3000B9E7F7 /* Build configuration list for PBXNativeTarget "RelationCoreData" */ = {
			isa = XCConfigurationList;
			buildConfigurations = (
				9494F2C026799D3000B9E7F7 /* Debug */,
				9494F2C126799D3000B9E7F7 /* Release */,
			);
			defaultConfigurationIsVisible = 0;
			defaultConfigurationName = Release;
		};
/* End XCConfigurationList section */

/* Begin XCVersionGroup section */
		9494F2B426799D3000B9E7F7 /* RelationCoreData.xcdatamodeld */ = {
			isa = XCVersionGroup;
			children = (
				9494F2B526799D3000B9E7F7 /* RelationCoreData.xcdatamodel */,
			);
			currentVersion = 9494F2B526799D3000B9E7F7 /* RelationCoreData.xcdatamodel */;
			path = RelationCoreData.xcdatamodeld;
			sourceTree = "<group>";
			versionGroupType = wrapper.xcdatamodel;
		};
/* End XCVersionGroup section */
	};
	rootObject = 9494F2A026799D3000B9E7F7 /* Project object */;
}
